// !$*UTF8*$!
{
	archiveVersion = 1;
	classes = {
	};
	objectVersion = 46;
	objects = {

/* Begin PBXBuildFile section */
		32443F0A1D80E9D7001C930D /* AppDelegate.swift in Sources */ = {isa = PBXBuildFile; fileRef = 32443F091D80E9D7001C930D /* AppDelegate.swift */; };
		32443F0C1D80E9D7001C930D /* ViewController.swift in Sources */ = {isa = PBXBuildFile; fileRef = 32443F0B1D80E9D7001C930D /* ViewController.swift */; };
		32443F0F1D80E9D7001C930D /* Main.storyboard in Resources */ = {isa = PBXBuildFile; fileRef = 32443F0D1D80E9D7001C930D /* Main.storyboard */; };
		32443F111D80E9D7001C930D /* Assets.xcassets in Resources */ = {isa = PBXBuildFile; fileRef = 32443F101D80E9D7001C930D /* Assets.xcassets */; };
		32443F141D80E9D7001C930D /* LaunchScreen.storyboard in Resources */ = {isa = PBXBuildFile; fileRef = 32443F121D80E9D7001C930D /* LaunchScreen.storyboard */; };
		32443F1F1D80E9D7001C930D /* _1____Tests.swift in Sources */ = {isa = PBXBuildFile; fileRef = 32443F1E1D80E9D7001C930D /* _1____Tests.swift */; };
		32443F2A1D80E9D7001C930D /* _1____UITests.swift in Sources */ = {isa = PBXBuildFile; fileRef = 32443F291D80E9D7001C930D /* _1____UITests.swift */; };
		32443F381D80E9FA001C930D /* BMPerson.swift in Sources */ = {isa = PBXBuildFile; fileRef = 32443F371D80E9FA001C930D /* BMPerson.swift */; };
/* End PBXBuildFile section */

/* Begin PBXContainerItemProxy section */
		32443F1B1D80E9D7001C930D /* PBXContainerItemProxy */ = {
			isa = PBXContainerItemProxy;
			containerPortal = 32443EFE1D80E9D7001C930D /* Project object */;
			proxyType = 1;
			remoteGlobalIDString = 32443F051D80E9D7001C930D;
			remoteInfo = "01一般用法";
		};
		32443F261D80E9D7001C930D /* PBXContainerItemProxy */ = {
			isa = PBXContainerItemProxy;
			containerPortal = 32443EFE1D80E9D7001C930D /* Project object */;
			proxyType = 1;
			remoteGlobalIDString = 32443F051D80E9D7001C930D;
			remoteInfo = "01一般用法";
		};
/* End PBXContainerItemProxy section */

/* Begin PBXFileReference section */
		32443F061D80E9D7001C930D /* 01一般用法.app */ = {isa = PBXFileReference; explicitFileType = wrapper.application; includeInIndex = 0; path = "01一般用法.app"; sourceTree = BUILT_PRODUCTS_DIR; };
		32443F091D80E9D7001C930D /* AppDelegate.swift */ = {isa = PBXFileReference; lastKnownFileType = sourcecode.swift; path = AppDelegate.swift; sourceTree = "<group>"; };
		32443F0B1D80E9D7001C930D /* ViewController.swift */ = {isa = PBXFileReference; lastKnownFileType = sourcecode.swift; path = ViewController.swift; sourceTree = "<group>"; };
		32443F0E1D80E9D7001C930D /* Base */ = {isa = PBXFileReference; lastKnownFileType = file.storyboard; name = Base; path = Base.lproj/Main.storyboard; sourceTree = "<group>"; };
		32443F101D80E9D7001C930D /* Assets.xcassets */ = {isa = PBXFileReference; lastKnownFileType = folder.assetcatalog; path = Assets.xcassets; sourceTree = "<group>"; };
		32443F131D80E9D7001C930D /* Base */ = {isa = PBXFileReference; lastKnownFileType = file.storyboard; name = Base; path = Base.lproj/LaunchScreen.storyboard; sourceTree = "<group>"; };
		32443F151D80E9D7001C930D /* Info.plist */ = {isa = PBXFileReference; lastKnownFileType = text.plist.xml; path = Info.plist; sourceTree = "<group>"; };
		32443F1A1D80E9D7001C930D /* 01一般用法Tests.xctest */ = {isa = PBXFileReference; explicitFileType = wrapper.cfbundle; includeInIndex = 0; path = "01一般用法Tests.xctest"; sourceTree = BUILT_PRODUCTS_DIR; };
		32443F1E1D80E9D7001C930D /* _1____Tests.swift */ = {isa = PBXFileReference; lastKnownFileType = sourcecode.swift; path = "_1____Tests.swift"; sourceTree = "<group>"; };
		32443F201D80E9D7001C930D /* Info.plist */ = {isa = PBXFileReference; lastKnownFileType = text.plist.xml; path = Info.plist; sourceTree = "<group>"; };
		32443F251D80E9D7001C930D /* 01一般用法UITests.xctest */ = {isa = PBXFileReference; explicitFileType = wrapper.cfbundle; includeInIndex = 0; path = "01一般用法UITests.xctest"; sourceTree = BUILT_PRODUCTS_DIR; };
		32443F291D80E9D7001C930D /* _1____UITests.swift */ = {isa = PBXFileReference; lastKnownFileType = sourcecode.swift; path = "_1____UITests.swift"; sourceTree = "<group>"; };
		32443F2B1D80E9D7001C930D /* Info.plist */ = {isa = PBXFileReference; lastKnownFileType = text.plist.xml; path = Info.plist; sourceTree = "<group>"; };
		32443F371D80E9FA001C930D /* BMPerson.swift */ = {isa = PBXFileReference; fileEncoding = 4; lastKnownFileType = sourcecode.swift; path = BMPerson.swift; sourceTree = "<group>"; };
/* End PBXFileReference section */

/* Begin PBXFrameworksBuildPhase section */
		32443F031D80E9D7001C930D /* Frameworks */ = {
			isa = PBXFrameworksBuildPhase;
			buildActionMask = 2147483647;
			files = (
			);
			runOnlyForDeploymentPostprocessing = 0;
		};
		32443F171D80E9D7001C930D /* Frameworks */ = {
			isa = PBXFrameworksBuildPhase;
			buildActionMask = 2147483647;
			files = (
			);
			runOnlyForDeploymentPostprocessing = 0;
		};
		32443F221D80E9D7001C930D /* Frameworks */ = {
			isa = PBXFrameworksBuildPhase;
			buildActionMask = 2147483647;
			files = (
			);
			runOnlyForDeploymentPostprocessing = 0;
		};
/* End PBXFrameworksBuildPhase section */

/* Begin PBXGroup section */
		32443EFD1D80E9D7001C930D = {
			isa = PBXGroup;
			children = (
				32443F081D80E9D7001C930D /* 01一般用法 */,
				32443F1D1D80E9D7001C930D /* 01一般用法Tests */,
				32443F281D80E9D7001C930D /* 01一般用法UITests */,
				32443F071D80E9D7001C930D /* Products */,
			);
			sourceTree = "<group>";
		};
		32443F071D80E9D7001C930D /* Products */ = {
			isa = PBXGroup;
			children = (
				32443F061D80E9D7001C930D /* 01一般用法.app */,
				32443F1A1D80E9D7001C930D /* 01一般用法Tests.xctest */,
				32443F251D80E9D7001C930D /* 01一般用法UITests.xctest */,
			);
			name = Products;
			sourceTree = "<group>";
		};
		32443F081D80E9D7001C930D /* 01一般用法 */ = {
			isa = PBXGroup;
			children = (
				32443F091D80E9D7001C930D /* AppDelegate.swift */,
				32443F0B1D80E9D7001C930D /* ViewController.swift */,
				32443F371D80E9FA001C930D /* BMPerson.swift */,
				32443F0D1D80E9D7001C930D /* Main.storyboard */,
				32443F101D80E9D7001C930D /* Assets.xcassets */,
				32443F121D80E9D7001C930D /* LaunchScreen.storyboard */,
				32443F151D80E9D7001C930D /* Info.plist */,
			);
			path = "01一般用法";
			sourceTree = "<group>";
		};
		32443F1D1D80E9D7001C930D /* 01一般用法Tests */ = {
			isa = PBXGroup;
			children = (
				32443F1E1D80E9D7001C930D /* _1____Tests.swift */,
				32443F201D80E9D7001C930D /* Info.plist */,
			);
			path = "01一般用法Tests";
			sourceTree = "<group>";
		};
		32443F281D80E9D7001C930D /* 01一般用法UITests */ = {
			isa = PBXGroup;
			children = (
				32443F291D80E9D7001C930D /* _1____UITests.swift */,
				32443F2B1D80E9D7001C930D /* Info.plist */,
			);
			path = "01一般用法UITests";
			sourceTree = "<group>";
		};
/* End PBXGroup section */

/* Begin PBXNativeTarget section */
		32443F051D80E9D7001C930D /* 01一般用法 */ = {
			isa = PBXNativeTarget;
			buildConfigurationList = 32443F2E1D80E9D7001C930D /* Build configuration list for PBXNativeTarget "01一般用法" */;
			buildPhases = (
				32443F021D80E9D7001C930D /* Sources */,
				32443F031D80E9D7001C930D /* Frameworks */,
				32443F041D80E9D7001C930D /* Resources */,
			);
			buildRules = (
			);
			dependencies = (
			);
			name = "01一般用法";
			productName = "01一般用法";
			productReference = 32443F061D80E9D7001C930D /* 01一般用法.app */;
			productType = "com.apple.product-type.application";
		};
		32443F191D80E9D7001C930D /* 01一般用法Tests */ = {
			isa = PBXNativeTarget;
			buildConfigurationList = 32443F311D80E9D7001C930D /* Build configuration list for PBXNativeTarget "01一般用法Tests" */;
			buildPhases = (
				32443F161D80E9D7001C930D /* Sources */,
				32443F171D80E9D7001C930D /* Frameworks */,
				32443F181D80E9D7001C930D /* Resources */,
			);
			buildRules = (
			);
			dependencies = (
				32443F1C1D80E9D7001C930D /* PBXTargetDependency */,
			);
			name = "01一般用法Tests";
			productName = "01一般用法Tests";
			productReference = 32443F1A1D80E9D7001C930D /* 01一般用法Tests.xctest */;
			productType = "com.apple.product-type.bundle.unit-test";
		};
		32443F241D80E9D7001C930D /* 01一般用法UITests */ = {
			isa = PBXNativeTarget;
			buildConfigurationList = 32443F341D80E9D7001C930D /* Build configuration list for PBXNativeTarget "01一般用法UITests" */;
			buildPhases = (
				32443F211D80E9D7001C930D /* Sources */,
				32443F221D80E9D7001C930D /* Frameworks */,
				32443F231D80E9D7001C930D /* Resources */,
			);
			buildRules = (
			);
			dependencies = (
				32443F271D80E9D7001C930D /* PBXTargetDependency */,
			);
			name = "01一般用法UITests";
			productName = "01一般用法UITests";
			productReference = 32443F251D80E9D7001C930D /* 01一般用法UITests.xctest */;
			productType = "com.apple.product-type.bundle.ui-testing";
		};
/* End PBXNativeTarget section */

/* Begin PBXProject section */
		32443EFE1D80E9D7001C930D /* Project object */ = {
			isa = PBXProject;
			attributes = {
				LastSwiftUpdateCheck = 0730;
				LastUpgradeCheck = 0730;
				ORGANIZATIONNAME = "https://github.com/asiosldh/";
				TargetAttributes = {
					32443F051D80E9D7001C930D = {
						CreatedOnToolsVersion = 7.3;
					};
					32443F191D80E9D7001C930D = {
						CreatedOnToolsVersion = 7.3;
						TestTargetID = 32443F051D80E9D7001C930D;
					};
					32443F241D80E9D7001C930D = {
						CreatedOnToolsVersion = 7.3;
						TestTargetID = 32443F051D80E9D7001C930D;
					};
				};
			};
			buildConfigurationList = 32443F011D80E9D7001C930D /* Build configuration list for PBXProject "01一般用法" */;
			compatibilityVersion = "Xcode 3.2";
			developmentRegion = English;
			hasScannedForEncodings = 0;
			knownRegions = (
				en,
				Base,
			);
			mainGroup = 32443EFD1D80E9D7001C930D;
			productRefGroup = 32443F071D80E9D7001C930D /* Products */;
			projectDirPath = "";
			projectRoot = "";
			targets = (
				32443F051D80E9D7001C930D /* 01一般用法 */,
				32443F191D80E9D7001C930D /* 01一般用法Tests */,
				32443F241D80E9D7001C930D /* 01一般用法UITests */,
			);
		};
/* End PBXProject section */

/* Begin PBXResourcesBuildPhase section */
		32443F041D80E9D7001C930D /* Resources */ = {
			isa = PBXResourcesBuildPhase;
			buildActionMask = 2147483647;
			files = (
				32443F141D80E9D7001C930D /* LaunchScreen.storyboard in Resources */,
				32443F111D80E9D7001C930D /* Assets.xcassets in Resources */,
				32443F0F1D80E9D7001C930D /* Main.storyboard in Resources */,
			);
			runOnlyForDeploymentPostprocessing = 0;
		};
		32443F181D80E9D7001C930D /* Resources */ = {
			isa = PBXResourcesBuildPhase;
			buildActionMask = 2147483647;
			files = (
			);
			runOnlyForDeploymentPostprocessing = 0;
		};
		32443F231D80E9D7001C930D /* Resources */ = {
			isa = PBXResourcesBuildPhase;
			buildActionMask = 2147483647;
			files = (
			);
			runOnlyForDeploymentPostprocessing = 0;
		};
/* End PBXResourcesBuildPhase section */

/* Begin PBXSourcesBuildPhase section */
		32443F021D80E9D7001C930D /* Sources */ = {
			isa = PBXSourcesBuildPhase;
			buildActionMask = 2147483647;
			files = (
				32443F0C1D80E9D7001C930D /* ViewController.swift in Sources */,
				32443F0A1D80E9D7001C930D /* AppDelegate.swift in Sources */,
				32443F381D80E9FA001C930D /* BMPerson.swift in Sources */,
			);
			runOnlyForDeploymentPostprocessing = 0;
		};
		32443F161D80E9D7001C930D /* Sources */ = {
			isa = PBXSourcesBuildPhase;
			buildActionMask = 2147483647;
			files = (
				32443F1F1D80E9D7001C930D /* _1____Tests.swift in Sources */,
			);
			runOnlyForDeploymentPostprocessing = 0;
		};
		32443F211D80E9D7001C930D /* Sources */ = {
			isa = PBXSourcesBuildPhase;
			buildActionMask = 2147483647;
			files = (
				32443F2A1D80E9D7001C930D /* _1____UITests.swift in Sources */,
			);
			runOnlyForDeploymentPostprocessing = 0;
		};
/* End PBXSourcesBuildPhase section */

/* Begin PBXTargetDependency section */
		32443F1C1D80E9D7001C930D /* PBXTargetDependency */ = {
			isa = PBXTargetDependency;
			target = 32443F051D80E9D7001C930D /* 01一般用法 */;
			targetProxy = 32443F1B1D80E9D7001C930D /* PBXContainerItemProxy */;
		};
		32443F271D80E9D7001C930D /* PBXTargetDependency */ = {
			isa = PBXTargetDependency;
			target = 32443F051D80E9D7001C930D /* 01一般用法 */;
			targetProxy = 32443F261D80E9D7001C930D /* PBXContainerItemProxy */;
		};
/* End PBXTargetDependency section */

/* Begin PBXVariantGroup section */
		32443F0D1D80E9D7001C930D /* Main.storyboard */ = {
			isa = PBXVariantGroup;
			children = (
				32443F0E1D80E9D7001C930D /* Base */,
			);
			name = Main.storyboard;
			sourceTree = "<group>";
		};
		32443F121D80E9D7001C930D /* LaunchScreen.storyboard */ = {
			isa = PBXVariantGroup;
			children = (
				32443F131D80E9D7001C930D /* Base */,
			);
			name = LaunchScreen.storyboard;
			sourceTree = "<group>";
		};
/* End PBXVariantGroup section */

/* Begin XCBuildConfiguration section */
		32443F2C1D80E9D7001C930D /* Debug */ = {
			isa = XCBuildConfiguration;
			buildSettings = {
				ALWAYS_SEARCH_USER_PATHS = NO;
				CLANG_ANALYZER_NONNULL = YES;
				CLANG_CXX_LANGUAGE_STANDARD = "gnu++0x";
				CLANG_CXX_LIBRARY = "libc++";
				CLANG_ENABLE_MODULES = YES;
				CLANG_ENABLE_OBJC_ARC = YES;
				CLANG_WARN_BOOL_CONVERSION = YES;
				CLANG_WARN_CONSTANT_CONVERSION = YES;
				CLANG_WARN_DIRECT_OBJC_ISA_USAGE = YES_ERROR;
				CLANG_WARN_EMPTY_BODY = YES;
				CLANG_WARN_ENUM_CONVERSION = YES;
				CLANG_WARN_INT_CONVERSION = YES;
				CLANG_WARN_OBJC_ROOT_CLASS = YES_ERROR;
				CLANG_WARN_UNREACHABLE_CODE = YES;
				CLANG_WARN__DUPLICATE_METHOD_MATCH = YES;
				"CODE_SIGN_IDENTITY[sdk=iphoneos*]" = "iPhone Developer";
				COPY_PHASE_STRIP = NO;
				DEBUG_INFORMATION_FORMAT = dwarf;
				ENABLE_STRICT_OBJC_MSGSEND = YES;
				ENABLE_TESTABILITY = YES;
				GCC_C_LANGUAGE_STANDARD = gnu99;
				GCC_DYNAMIC_NO_PIC = NO;
				GCC_NO_COMMON_BLOCKS = YES;
				GCC_OPTIMIZATION_LEVEL = 0;
				GCC_PREPROCESSOR_DEFINITIONS = (
					"DEBUG=1",
					"$(inherited)",
				);
				GCC_WARN_64_TO_32_BIT_CONVERSION = YES;
				GCC_WARN_ABOUT_RETURN_TYPE = YES_ERROR;
				GCC_WARN_UNDECLARED_SELECTOR = YES;
				GCC_WARN_UNINITIALIZED_AUTOS = YES_AGGRESSIVE;
				GCC_WARN_UNUSED_FUNCTION = YES;
				GCC_WARN_UNUSED_VARIABLE = YES;
				IPHONEOS_DEPLOYMENT_TARGET = 9.3;
				MTL_ENABLE_DEBUG_INFO = YES;
				ONLY_ACTIVE_ARCH = YES;
				SDKROOT = iphoneos;
				SWIFT_OPTIMIZATION_LEVEL = "-Onone";
				TARGETED_DEVICE_FAMILY = "1,2";
			};
			name = Debug;
		};
		32443F2D1D80E9D7001C930D /* Release */ = {
			isa = XCBuildConfiguration;
			buildSettings = {
				ALWAYS_SEARCH_USER_PATHS = NO;
				CLANG_ANALYZER_NONNULL = YES;
				CLANG_CXX_LANGUAGE_STANDARD = "gnu++0x";
				CLANG_CXX_LIBRARY = "libc++";
				CLANG_ENABLE_MODULES = YES;
				CLANG_ENABLE_OBJC_ARC = YES;
				CLANG_WARN_BOOL_CONVERSION = YES;
				CLANG_WARN_CONSTANT_CONVERSION = YES;
				CLANG_WARN_DIRECT_OBJC_ISA_USAGE = YES_ERROR;
				CLANG_WARN_EMPTY_BODY = YES;
				CLANG_WARN_ENUM_CONVERSION = YES;
				CLANG_WARN_INT_CONVERSION = YES;
				CLANG_WARN_OBJC_ROOT_CLASS = YES_ERROR;
				CLANG_WARN_UNREACHABLE_CODE = YES;
				CLANG_WARN__DUPLICATE_METHOD_MATCH = YES;
				"CODE_SIGN_IDENTITY[sdk=iphoneos*]" = "iPhone Developer";
				COPY_PHASE_STRIP = NO;
				DEBUG_INFORMATION_FORMAT = "dwarf-with-dsym";
				ENABLE_NS_ASSERTIONS = NO;
				ENABLE_STRICT_OBJC_MSGSEND = YES;
				GCC_C_LANGUAGE_STANDARD = gnu99;
				GCC_NO_COMMON_BLOCKS = YES;
				GCC_WARN_64_TO_32_BIT_CONVERSION = YES;
				GCC_WARN_ABOUT_RETURN_TYPE = YES_ERROR;
				GCC_WARN_UNDECLARED_SELECTOR = YES;
				GCC_WARN_UNINITIALIZED_AUTOS = YES_AGGRESSIVE;
				GCC_WARN_UNUSED_FUNCTION = YES;
				GCC_WARN_UNUSED_VARIABLE = YES;
				IPHONEOS_DEPLOYMENT_TARGET = 9.3;
				MTL_ENABLE_DEBUG_INFO = NO;
				SDKROOT = iphoneos;
				TARGETED_DEVICE_FAMILY = "1,2";
				VALIDATE_PRODUCT = YES;
			};
			name = Release;
		};
		32443F2F1D80E9D7001C930D /* Debug */ = {
			isa = XCBuildConfiguration;
			buildSettings = {
				ASSETCATALOG_COMPILER_APPICON_NAME = AppIcon;
				INFOPLIST_FILE = "01一般用法/Info.plist";
				LD_RUNPATH_SEARCH_PATHS = "$(inherited) @executable_path/Frameworks";
				PRODUCT_BUNDLE_IDENTIFIER = "cn.com.bluemoon.-1----";
				PRODUCT_NAME = "$(TARGET_NAME)";
			};
			name = Debug;
		};
		32443F301D80E9D7001C930D /* Release */ = {
			isa = XCBuildConfiguration;
			buildSettings = {
				ASSETCATALOG_COMPILER_APPICON_NAME = AppIcon;
				INFOPLIST_FILE = "01一般用法/Info.plist";
				LD_RUNPATH_SEARCH_PATHS = "$(inherited) @executable_path/Frameworks";
				PRODUCT_BUNDLE_IDENTIFIER = "cn.com.bluemoon.-1----";
				PRODUCT_NAME = "$(TARGET_NAME)";
			};
			name = Release;
		};
		32443F321D80E9D7001C930D /* Debug */ = {
			isa = XCBuildConfiguration;
			buildSettings = {
				BUNDLE_LOADER = "$(TEST_HOST)";
				INFOPLIST_FILE = "01一般用法Tests/Info.plist";
				LD_RUNPATH_SEARCH_PATHS = "$(inherited) @executable_path/Frameworks @loader_path/Frameworks";
				PRODUCT_BUNDLE_IDENTIFIER = "cn.com.bluemoon.-1----Tests";
				PRODUCT_NAME = "$(TARGET_NAME)";
				TEST_HOST = "$(BUILT_PRODUCTS_DIR)/01一般用法.app/01一般用法";
			};
			name = Debug;
		};
		32443F331D80E9D7001C930D /* Release */ = {
			isa = XCBuildConfiguration;
			buildSettings = {
				BUNDLE_LOADER = "$(TEST_HOST)";
				INFOPLIST_FILE = "01一般用法Tests/Info.plist";
				LD_RUNPATH_SEARCH_PATHS = "$(inherited) @executable_path/Frameworks @loader_path/Frameworks";
				PRODUCT_BUNDLE_IDENTIFIER = "cn.com.bluemoon.-1----Tests";
				PRODUCT_NAME = "$(TARGET_NAME)";
				TEST_HOST = "$(BUILT_PRODUCTS_DIR)/01一般用法.app/01一般用法";
			};
			name = Release;
		};
		32443F351D80E9D7001C930D /* Debug */ = {
			isa = XCBuildConfiguration;
			buildSettings = {
				INFOPLIST_FILE = "01一般用法UITests/Info.plist";
				LD_RUNPATH_SEARCH_PATHS = "$(inherited) @executable_path/Frameworks @loader_path/Frameworks";
				PRODUCT_BUNDLE_IDENTIFIER = "cn.com.bluemoon.-1----UITests";
				PRODUCT_NAME = "$(TARGET_NAME)";
				TEST_TARGET_NAME = "01一般用法";
			};
			name = Debug;
		};
		32443F361D80E9D7001C930D /* Release */ = {
			isa = XCBuildConfiguration;
			buildSettings = {
				INFOPLIST_FILE = "01一般用法UITests/Info.plist";
				LD_RUNPATH_SEARCH_PATHS = "$(inherited) @executable_path/Frameworks @loader_path/Frameworks";
				PRODUCT_BUNDLE_IDENTIFIER = "cn.com.bluemoon.-1----UITests";
				PRODUCT_NAME = "$(TARGET_NAME)";
				TEST_TARGET_NAME = "01一般用法";
			};
			name = Release;
		};
/* End XCBuildConfiguration section */

/* Begin XCConfigurationList section */
		32443F011D80E9D7001C930D /* Build configuration list for PBXProject "01一般用法" */ = {
			isa = XCConfigurationList;
			buildConfigurations = (
				32443F2C1D80E9D7001C930D /* Debug */,
				32443F2D1D80E9D7001C930D /* Release */,
			);
			defaultConfigurationIsVisible = 0;
			defaultConfigurationName = Release;
		};
		32443F2E1D80E9D7001C930D /* Build configuration list for PBXNativeTarget "01一般用法" */ = {
			isa = XCConfigurationList;
			buildConfigurations = (
				32443F2F1D80E9D7001C930D /* Debug */,
				32443F301D80E9D7001C930D /* Release */,
			);
			defaultConfigurationIsVisible = 0;
		};
		32443F311D80E9D7001C930D /* Build configuration list for PBXNativeTarget "01一般用法Tests" */ = {
			isa = XCConfigurationList;
			buildConfigurations = (
				32443F321D80E9D7001C930D /* Debug */,
				32443F331D80E9D7001C930D /* Release */,
			);
			defaultConfigurationIsVisible = 0;
		};
		32443F341D80E9D7001C930D /* Build configuration list for PBXNativeTarget "01一般用法UITests" */ = {
			isa = XCConfigurationList;
			buildConfigurations = (
				32443F351D80E9D7001C930D /* Debug */,
				32443F361D80E9D7001C930D /* Release */,
			);
			defaultConfigurationIsVisible = 0;
		};
/* End XCConfigurationList section */
	};
	rootObject = 32443EFE1D80E9D7001C930D /* Project object */;
}
